<Solution>
  <Project Path="HandbookBot.Core/HandbookBot.Core.csproj" Id="1f24d3d4-4813-44dd-9472-69443f07a6a7" />
  <Project Path="HandbookBot.Data/HandbookBot.Data.csproj" Id="00a24515-ad5d-4c09-805b-16a1b318e1f8" />
  <Project Path="HandbookBot.Max/HandbookBot.Max.csproj" Id="70b39f1e-0299-4f53-bdf5-e37b99e3f8a4" />
  <Project Path="HandbookBot.Telegram/HandbookBot.Telegram.csproj" Id="9f0a7fab-1f0b-4d9b-8643-579677e424d7" />
  <Project Path="HandbookBot.Tests/HandbookBot.Tests.csproj" />
  <Project Path="HandbookBot/HandbookBot.csproj" />
</Solution>
